
Microsoft Visual Studio Solution File, Format Version 12.00
# Visual Studio 15
VisualStudioVersion = 15.0.28307.271
MinimumVisualStudioVersion = 10.0.40219.1
Project("{FAE04EC0-301F-11D3-BF4B-00C04F79EFBC}") = "GoldJack", "GoldJack\GoldJack.csproj", "{3FB2B0AC-A04A-4C1E-BBD8-30AA4A1FBFA9}"
EndProject
Project("{FAE04EC0-301F-11D3-BF4B-00C04F79EFBC}") = "DataAccess", "DataAccess\DataAccess.csproj", "{67653404-D5B8-49BF-B011-FDE4E9E42F94}"
EndProject
Global
	GlobalSection(SolutionConfigurationPlatforms) = preSolution
		Debug|Any CPU = Debug|Any CPU
		Release|Any CPU = Release|Any CPU
	EndGlobalSection
	GlobalSection(ProjectConfigurationPlatforms) = postSolution
		{3FB2B0AC-A04A-4C1E-BBD8-30AA4A1FBFA9}.Debug|Any CPU.ActiveCfg = Debug|Any CPU
		{3FB2B0AC-A04A-4C1E-BBD8-30AA4A1FBFA9}.Debug|Any CPU.Build.0 = Debug|Any CPU
		{3FB2B0AC-A04A-4C1E-BBD8-30AA4A1FBFA9}.Release|Any CPU.ActiveCfg = Release|Any CPU
		{3FB2B0AC-A04A-4C1E-BBD8-30AA4A1FBFA9}.Release|Any CPU.Build.0 = Release|Any CPU
		{67653404-D5B8-49BF-B011-FDE4E9E42F94}.Debug|Any CPU.ActiveCfg = Debug|Any CPU
		{67653404-D5B8-49BF-B011-FDE4E9E42F94}.Debug|Any CPU.Build.0 = Debug|Any CPU
		{67653404-D5B8-49BF-B011-FDE4E9E42F94}.Release|Any CPU.ActiveCfg = Release|Any CPU
		{67653404-D5B8-49BF-B011-FDE4E9E42F94}.Release|Any CPU.Build.0 = Release|Any CPU
	EndGlobalSection
	GlobalSection(SolutionProperties) = preSolution
		HideSolutionNode = FALSE
	EndGlobalSection
	GlobalSection(ExtensibilityGlobals) = postSolution
		SolutionGuid = {47E13379-95CE-44AD-A973-F6097AA2FA55}
	EndGlobalSection
EndGlobal
